
Microsoft Visual Studio Solution File, Format Version 12.00
# Visual Studio 15
VisualStudioVersion = 15.0.28010.2036
MinimumVisualStudioVersion = 10.0.40219.1
Project("{FAE04EC0-301F-11D3-BF4B-00C04F79EFBC}") = "Funda.Web", "Funda.Web\Funda.Web.csproj", "{A2BF9FDF-6F84-4AAD-A6F0-2F3890C14009}"
EndProject
Project("{FAE04EC0-301F-11D3-BF4B-00C04F79EFBC}") = "Funda.Web.Tests", "Funda.Web.Tests\Funda.Web.Tests.csproj", "{B054C326-0F91-4392-9E2F-6B5DF692E0BD}"
EndProject
Global
	GlobalSection(SolutionConfigurationPlatforms) = preSolution
		Debug|Any CPU = Debug|Any CPU
		Release|Any CPU = Release|Any CPU
	EndGlobalSection
	GlobalSection(ProjectConfigurationPlatforms) = postSolution
		{A2BF9FDF-6F84-4AAD-A6F0-2F3890C14009}.Debug|Any CPU.ActiveCfg = Debug|Any CPU
		{A2BF9FDF-6F84-4AAD-A6F0-2F3890C14009}.Debug|Any CPU.Build.0 = Debug|Any CPU
		{A2BF9FDF-6F84-4AAD-A6F0-2F3890C14009}.Release|Any CPU.ActiveCfg = Release|Any CPU
		{A2BF9FDF-6F84-4AAD-A6F0-2F3890C14009}.Release|Any CPU.Build.0 = Release|Any CPU
		{B054C326-0F91-4392-9E2F-6B5DF692E0BD}.Debug|Any CPU.ActiveCfg = Debug|Any CPU
		{B054C326-0F91-4392-9E2F-6B5DF692E0BD}.Debug|Any CPU.Build.0 = Debug|Any CPU
		{B054C326-0F91-4392-9E2F-6B5DF692E0BD}.Release|Any CPU.ActiveCfg = Release|Any CPU
		{B054C326-0F91-4392-9E2F-6B5DF692E0BD}.Release|Any CPU.Build.0 = Release|Any CPU
	EndGlobalSection
	GlobalSection(SolutionProperties) = preSolution
		HideSolutionNode = FALSE
	EndGlobalSection
	GlobalSection(ExtensibilityGlobals) = postSolution
		SolutionGuid = {6C657317-CD58-4E63-8838-6B867287E5B5}
	EndGlobalSection
EndGlobal
